
Microsoft Visual Studio Solution File, Format Version 12.00
# Visual Studio Version 17
VisualStudioVersion = 17.6.33829.357
MinimumVisualStudioVersion = 10.0.40219.1
Project("{9A19103F-16F7-4668-BE54-9A1E7A4F7556}") = "csharp", "csharp\csharp.csproj", "{7FB31093-4D51-4A0E-B3CF-43801F4914E7}"
EndProject
Project("{9A19103F-16F7-4668-BE54-9A1E7A4F7556}") = "EFBegginners01_CRUD", "EFBegginners01_CRUD\EFBegginners01_CRUD.csproj", "{489FF17C-AD90-4C96-905E-119FC4FBA880}"
EndProject
Project("{9A19103F-16F7-4668-BE54-9A1E7A4F7556}") = "Excel", "Excel\Excel.csproj", "{25A6E391-46FB-41EB-A8A2-3C98B0087065}"
EndProject
Project("{9A19103F-16F7-4668-BE54-9A1E7A4F7556}") = "WebEFConcurrency", "WebEFConcurrency\WebEFConcurrency.csproj", "{1B90596D-87D5-413B-B2E2-877515934DBA}"
EndProject
Project("{FAE04EC0-301F-11D3-BF4B-00C04F79EFBC}") = "LoggerSeri", "LoggerSeri\LoggerSeri.csproj", "{68B75F39-67B3-4395-9B0F-32D4192DD750}"
EndProject
Global
	GlobalSection(SolutionConfigurationPlatforms) = preSolution
		Debug|Any CPU = Debug|Any CPU
		Release|Any CPU = Release|Any CPU
	EndGlobalSection
	GlobalSection(ProjectConfigurationPlatforms) = postSolution
		{7FB31093-4D51-4A0E-B3CF-43801F4914E7}.Debug|Any CPU.ActiveCfg = Debug|Any CPU
		{7FB31093-4D51-4A0E-B3CF-43801F4914E7}.Debug|Any CPU.Build.0 = Debug|Any CPU
		{7FB31093-4D51-4A0E-B3CF-43801F4914E7}.Release|Any CPU.ActiveCfg = Release|Any CPU
		{7FB31093-4D51-4A0E-B3CF-43801F4914E7}.Release|Any CPU.Build.0 = Release|Any CPU
		{489FF17C-AD90-4C96-905E-119FC4FBA880}.Debug|Any CPU.ActiveCfg = Debug|Any CPU
		{489FF17C-AD90-4C96-905E-119FC4FBA880}.Debug|Any CPU.Build.0 = Debug|Any CPU
		{489FF17C-AD90-4C96-905E-119FC4FBA880}.Release|Any CPU.ActiveCfg = Release|Any CPU
		{489FF17C-AD90-4C96-905E-119FC4FBA880}.Release|Any CPU.Build.0 = Release|Any CPU
		{25A6E391-46FB-41EB-A8A2-3C98B0087065}.Debug|Any CPU.ActiveCfg = Debug|Any CPU
		{25A6E391-46FB-41EB-A8A2-3C98B0087065}.Debug|Any CPU.Build.0 = Debug|Any CPU
		{25A6E391-46FB-41EB-A8A2-3C98B0087065}.Release|Any CPU.ActiveCfg = Release|Any CPU
		{25A6E391-46FB-41EB-A8A2-3C98B0087065}.Release|Any CPU.Build.0 = Release|Any CPU
		{1B90596D-87D5-413B-B2E2-877515934DBA}.Debug|Any CPU.ActiveCfg = Debug|Any CPU
		{1B90596D-87D5-413B-B2E2-877515934DBA}.Debug|Any CPU.Build.0 = Debug|Any CPU
		{1B90596D-87D5-413B-B2E2-877515934DBA}.Release|Any CPU.ActiveCfg = Release|Any CPU
		{1B90596D-87D5-413B-B2E2-877515934DBA}.Release|Any CPU.Build.0 = Release|Any CPU
		{68B75F39-67B3-4395-9B0F-32D4192DD750}.Debug|Any CPU.ActiveCfg = Debug|Any CPU
		{68B75F39-67B3-4395-9B0F-32D4192DD750}.Debug|Any CPU.Build.0 = Debug|Any CPU
		{68B75F39-67B3-4395-9B0F-32D4192DD750}.Release|Any CPU.ActiveCfg = Release|Any CPU
		{68B75F39-67B3-4395-9B0F-32D4192DD750}.Release|Any CPU.Build.0 = Release|Any CPU
	EndGlobalSection
	GlobalSection(SolutionProperties) = preSolution
		HideSolutionNode = FALSE
	EndGlobalSection
	GlobalSection(ExtensibilityGlobals) = postSolution
		SolutionGuid = {982C0417-F2AE-44A1-A30D-368A412B989C}
	EndGlobalSection
EndGlobal
