
Microsoft Visual Studio Solution File, Format Version 12.00
# Visual Studio Version 16
VisualStudioVersion = 16.0.30114.105
MinimumVisualStudioVersion = 10.0.40219.1
Project("{FAE04EC0-301F-11D3-BF4B-00C04F79EFBC}") = "charp", "charp\charp.csproj", "{7FB31093-4D51-4A0E-B3CF-43801F4914E7}"
EndProject
Global
	GlobalSection(SolutionConfigurationPlatforms) = preSolution
		Debug|Any CPU = Debug|Any CPU
		Release|Any CPU = Release|Any CPU
	EndGlobalSection
	GlobalSection(SolutionProperties) = preSolution
		HideSolutionNode = FALSE
	EndGlobalSection
	GlobalSection(ProjectConfigurationPlatforms) = postSolution
		{7FB31093-4D51-4A0E-B3CF-43801F4914E7}.Debug|Any CPU.ActiveCfg = Debug|Any CPU
		{7FB31093-4D51-4A0E-B3CF-43801F4914E7}.Debug|Any CPU.Build.0 = Debug|Any CPU
		{7FB31093-4D51-4A0E-B3CF-43801F4914E7}.Release|Any CPU.ActiveCfg = Release|Any CPU
		{7FB31093-4D51-4A0E-B3CF-43801F4914E7}.Release|Any CPU.Build.0 = Release|Any CPU
	EndGlobalSection
EndGlobal
