
Microsoft Visual Studio Solution File, Format Version 12.00
# Visual Studio Version 17
VisualStudioVersion = 17.6.33829.357
MinimumVisualStudioVersion = 10.0.40219.1
Project("{9A19103F-16F7-4668-BE54-9A1E7A4F7556}") = "TodoApi", "TodoApi\TodoApi.csproj", "{F6F4FB3D-4C18-4E11-BF8C-FEFCCACEC260}"
EndProject
Project("{FAE04EC0-301F-11D3-BF4B-00C04F79EFBC}") = "TodoTest", "TodoTest\TodoTest.csproj", "{FE18F9D4-220B-495A-9FF8-2B4767E803E5}"
EndProject
Global
	GlobalSection(SolutionConfigurationPlatforms) = preSolution
		Debug|Any CPU = Debug|Any CPU
		Release|Any CPU = Release|Any CPU
	EndGlobalSection
	GlobalSection(ProjectConfigurationPlatforms) = postSolution
		{F6F4FB3D-4C18-4E11-BF8C-FEFCCACEC260}.Debug|Any CPU.ActiveCfg = Debug|Any CPU
		{F6F4FB3D-4C18-4E11-BF8C-FEFCCACEC260}.Debug|Any CPU.Build.0 = Debug|Any CPU
		{F6F4FB3D-4C18-4E11-BF8C-FEFCCACEC260}.Release|Any CPU.ActiveCfg = Release|Any CPU
		{F6F4FB3D-4C18-4E11-BF8C-FEFCCACEC260}.Release|Any CPU.Build.0 = Release|Any CPU
		{FE18F9D4-220B-495A-9FF8-2B4767E803E5}.Debug|Any CPU.ActiveCfg = Debug|Any CPU
		{FE18F9D4-220B-495A-9FF8-2B4767E803E5}.Debug|Any CPU.Build.0 = Debug|Any CPU
		{FE18F9D4-220B-495A-9FF8-2B4767E803E5}.Release|Any CPU.ActiveCfg = Release|Any CPU
		{FE18F9D4-220B-495A-9FF8-2B4767E803E5}.Release|Any CPU.Build.0 = Release|Any CPU
	EndGlobalSection
	GlobalSection(SolutionProperties) = preSolution
		HideSolutionNode = FALSE
	EndGlobalSection
	GlobalSection(ExtensibilityGlobals) = postSolution
		SolutionGuid = {FD4D5692-2D65-444E-A46D-CC0FDE3EED24}
	EndGlobalSection
EndGlobal
